// !$*UTF8*$!
{
	archiveVersion = 1;
	classes = {
	};
	objectVersion = 46;
	objects = {

/* Begin PBXBuildFile section */
		537B6C9F09CF5CF6FE267372 /* Pods_HPThemeKit_Example.framework in Frameworks */ = {isa = PBXBuildFile; fileRef = 68D70AD1985DD095345BCCCF /* Pods_HPThemeKit_Example.framework */; };
		6003F58E195388D20070C39A /* Foundation.framework in Frameworks */ = {isa = PBXBuildFile; fileRef = 6003F58D195388D20070C39A /* Foundation.framework */; };
		6003F590195388D20070C39A /* CoreGraphics.framework in Frameworks */ = {isa = PBXBuildFile; fileRef = 6003F58F195388D20070C39A /* CoreGraphics.framework */; };
		6003F592195388D20070C39A /* UIKit.framework in Frameworks */ = {isa = PBXBuildFile; fileRef = 6003F591195388D20070C39A /* UIKit.framework */; };
		6003F598195388D20070C39A /* InfoPlist.strings in Resources */ = {isa = PBXBuildFile; fileRef = 6003F596195388D20070C39A /* InfoPlist.strings */; };
		6003F59A195388D20070C39A /* main.m in Sources */ = {isa = PBXBuildFile; fileRef = 6003F599195388D20070C39A /* main.m */; };
		6003F59E195388D20070C39A /* HPAppDelegate.m in Sources */ = {isa = PBXBuildFile; fileRef = 6003F59D195388D20070C39A /* HPAppDelegate.m */; };
		6003F5A9195388D20070C39A /* Images.xcassets in Resources */ = {isa = PBXBuildFile; fileRef = 6003F5A8195388D20070C39A /* Images.xcassets */; };
		6003F5B0195388D20070C39A /* XCTest.framework in Frameworks */ = {isa = PBXBuildFile; fileRef = 6003F5AF195388D20070C39A /* XCTest.framework */; };
		6003F5B1195388D20070C39A /* Foundation.framework in Frameworks */ = {isa = PBXBuildFile; fileRef = 6003F58D195388D20070C39A /* Foundation.framework */; };
		6003F5B2195388D20070C39A /* UIKit.framework in Frameworks */ = {isa = PBXBuildFile; fileRef = 6003F591195388D20070C39A /* UIKit.framework */; };
		6003F5BA195388D20070C39A /* InfoPlist.strings in Resources */ = {isa = PBXBuildFile; fileRef = 6003F5B8195388D20070C39A /* InfoPlist.strings */; };
		6003F5BC195388D20070C39A /* Tests.m in Sources */ = {isa = PBXBuildFile; fileRef = 6003F5BB195388D20070C39A /* Tests.m */; };
		B5FC8FEC22FD5584000E7B32 /* QFLineView.m in Sources */ = {isa = PBXBuildFile; fileRef = B5FC8FE622FD5581000E7B32 /* QFLineView.m */; };
		B5FC8FED22FD5584000E7B32 /* QFLineModel.m in Sources */ = {isa = PBXBuildFile; fileRef = B5FC8FE822FD5582000E7B32 /* QFLineModel.m */; };
		B5FC8FEE22FD5584000E7B32 /* QFLineRowView.m in Sources */ = {isa = PBXBuildFile; fileRef = B5FC8FE922FD5583000E7B32 /* QFLineRowView.m */; };
		B5FC8FF122FD55F2000E7B32 /* HPLineController.m in Sources */ = {isa = PBXBuildFile; fileRef = B5FC8FF022FD55F2000E7B32 /* HPLineController.m */; };
		BFB480A221FE9B74003DF07B /* HPCardsController.m in Sources */ = {isa = PBXBuildFile; fileRef = BFB4809921FE9B74003DF07B /* HPCardsController.m */; };
		BFB480A321FE9B74003DF07B /* HPUserController.m in Sources */ = {isa = PBXBuildFile; fileRef = BFB4809B21FE9B74003DF07B /* HPUserController.m */; };
		BFB480A421FE9B74003DF07B /* HPNewsController.m in Sources */ = {isa = PBXBuildFile; fileRef = BFB4809C21FE9B74003DF07B /* HPNewsController.m */; };
		BFB480A521FE9B74003DF07B /* HPThemeController.m in Sources */ = {isa = PBXBuildFile; fileRef = BFB4809D21FE9B74003DF07B /* HPThemeController.m */; };
		BFB480A621FE9B74003DF07B /* HPHomeController.m in Sources */ = {isa = PBXBuildFile; fileRef = BFB4809F21FE9B74003DF07B /* HPHomeController.m */; };
		BFB480A921FE9C30003DF07B /* HPBaseController.m in Sources */ = {isa = PBXBuildFile; fileRef = BFB480A821FE9C30003DF07B /* HPBaseController.m */; };
		BFB480AF21FE9FEE003DF07B /* HPThemeCell.m in Sources */ = {isa = PBXBuildFile; fileRef = BFB480AC21FE9FEE003DF07B /* HPThemeCell.m */; };
		BFB480B021FE9FEE003DF07B /* HPThemeCell.xib in Resources */ = {isa = PBXBuildFile; fileRef = BFB480AE21FE9FEE003DF07B /* HPThemeCell.xib */; };
		BFB480B521FEB3FC003DF07B /* Launch Screen.storyboard in Resources */ = {isa = PBXBuildFile; fileRef = BFB480B421FEB3FC003DF07B /* Launch Screen.storyboard */; };
		BFB480C021FF0A1C003DF07B /* HPTabbarController.m in Sources */ = {isa = PBXBuildFile; fileRef = BFB480BF21FF0A1C003DF07B /* HPTabbarController.m */; };
		F51976EF998FC562B28E2282 /* Pods_HPThemeKit_Tests.framework in Frameworks */ = {isa = PBXBuildFile; fileRef = 71AEF1C5048344C95F3CD7B4 /* Pods_HPThemeKit_Tests.framework */; };
/* End PBXBuildFile section */

/* Begin PBXContainerItemProxy section */
		6003F5B3195388D20070C39A /* PBXContainerItemProxy */ = {
			isa = PBXContainerItemProxy;
			containerPortal = 6003F582195388D10070C39A /* Project object */;
			proxyType = 1;
			remoteGlobalIDString = 6003F589195388D20070C39A;
			remoteInfo = HPThemeKit;
		};
/* End PBXContainerItemProxy section */

/* Begin PBXFileReference section */
		3AFF8F764991A7382BB3C487 /* HPThemeKit.podspec */ = {isa = PBXFileReference; includeInIndex = 1; lastKnownFileType = text; name = HPThemeKit.podspec; path = ../HPThemeKit.podspec; sourceTree = "<group>"; xcLanguageSpecificationIdentifier = xcode.lang.ruby; };
		4BB448D584CCEA2727FCE27D /* Pods-HPThemeKit_Tests.release.xcconfig */ = {isa = PBXFileReference; includeInIndex = 1; lastKnownFileType = text.xcconfig; name = "Pods-HPThemeKit_Tests.release.xcconfig"; path = "Pods/Target Support Files/Pods-HPThemeKit_Tests/Pods-HPThemeKit_Tests.release.xcconfig"; sourceTree = "<group>"; };
		6003F58A195388D20070C39A /* HPThemeKit_Example.app */ = {isa = PBXFileReference; explicitFileType = wrapper.application; includeInIndex = 0; path = HPThemeKit_Example.app; sourceTree = BUILT_PRODUCTS_DIR; };
		6003F58D195388D20070C39A /* Foundation.framework */ = {isa = PBXFileReference; lastKnownFileType = wrapper.framework; name = Foundation.framework; path = System/Library/Frameworks/Foundation.framework; sourceTree = SDKROOT; };
		6003F58F195388D20070C39A /* CoreGraphics.framework */ = {isa = PBXFileReference; lastKnownFileType = wrapper.framework; name = CoreGraphics.framework; path = System/Library/Frameworks/CoreGraphics.framework; sourceTree = SDKROOT; };
		6003F591195388D20070C39A /* UIKit.framework */ = {isa = PBXFileReference; lastKnownFileType = wrapper.framework; name = UIKit.framework; path = System/Library/Frameworks/UIKit.framework; sourceTree = SDKROOT; };
		6003F595195388D20070C39A /* HPThemeKit-Info.plist */ = {isa = PBXFileReference; lastKnownFileType = text.plist.xml; path = "HPThemeKit-Info.plist"; sourceTree = "<group>"; };
		6003F597195388D20070C39A /* en */ = {isa = PBXFileReference; lastKnownFileType = text.plist.strings; name = en; path = en.lproj/InfoPlist.strings; sourceTree = "<group>"; };
		6003F599195388D20070C39A /* main.m */ = {isa = PBXFileReference; lastKnownFileType = sourcecode.c.objc; path = main.m; sourceTree = "<group>"; };
		6003F59B195388D20070C39A /* HPThemeKit-Prefix.pch */ = {isa = PBXFileReference; lastKnownFileType = sourcecode.c.h; path = "HPThemeKit-Prefix.pch"; sourceTree = "<group>"; };
		6003F59C195388D20070C39A /* HPAppDelegate.h */ = {isa = PBXFileReference; lastKnownFileType = sourcecode.c.h; path = HPAppDelegate.h; sourceTree = "<group>"; };
		6003F59D195388D20070C39A /* HPAppDelegate.m */ = {isa = PBXFileReference; lastKnownFileType = sourcecode.c.objc; path = HPAppDelegate.m; sourceTree = "<group>"; };
		6003F5A8195388D20070C39A /* Images.xcassets */ = {isa = PBXFileReference; lastKnownFileType = folder.assetcatalog; path = Images.xcassets; sourceTree = "<group>"; };
		6003F5AE195388D20070C39A /* HPThemeKit_Tests.xctest */ = {isa = PBXFileReference; explicitFileType = wrapper.cfbundle; includeInIndex = 0; path = HPThemeKit_Tests.xctest; sourceTree = BUILT_PRODUCTS_DIR; };
		6003F5AF195388D20070C39A /* XCTest.framework */ = {isa = PBXFileReference; lastKnownFileType = wrapper.framework; name = XCTest.framework; path = Library/Frameworks/XCTest.framework; sourceTree = DEVELOPER_DIR; };
		6003F5B7195388D20070C39A /* Tests-Info.plist */ = {isa = PBXFileReference; lastKnownFileType = text.plist.xml; path = "Tests-Info.plist"; sourceTree = "<group>"; };
		6003F5B9195388D20070C39A /* en */ = {isa = PBXFileReference; lastKnownFileType = text.plist.strings; name = en; path = en.lproj/InfoPlist.strings; sourceTree = "<group>"; };
		6003F5BB195388D20070C39A /* Tests.m */ = {isa = PBXFileReference; lastKnownFileType = sourcecode.c.objc; path = Tests.m; sourceTree = "<group>"; };
		606FC2411953D9B200FFA9A0 /* Tests-Prefix.pch */ = {isa = PBXFileReference; lastKnownFileType = sourcecode.c.h; path = "Tests-Prefix.pch"; sourceTree = "<group>"; };
		68D70AD1985DD095345BCCCF /* Pods_HPThemeKit_Example.framework */ = {isa = PBXFileReference; explicitFileType = wrapper.framework; includeInIndex = 0; path = Pods_HPThemeKit_Example.framework; sourceTree = BUILT_PRODUCTS_DIR; };
		71AEF1C5048344C95F3CD7B4 /* Pods_HPThemeKit_Tests.framework */ = {isa = PBXFileReference; explicitFileType = wrapper.framework; includeInIndex = 0; path = Pods_HPThemeKit_Tests.framework; sourceTree = BUILT_PRODUCTS_DIR; };
		76FA3C8BA40B0F7668D1AA98 /* Pods-HPThemeKit_Tests.debug.xcconfig */ = {isa = PBXFileReference; includeInIndex = 1; lastKnownFileType = text.xcconfig; name = "Pods-HPThemeKit_Tests.debug.xcconfig"; path = "Pods/Target Support Files/Pods-HPThemeKit_Tests/Pods-HPThemeKit_Tests.debug.xcconfig"; sourceTree = "<group>"; };
		B1D52941EEB1756FB364DCDD /* Pods-HPThemeKit_Example.release.xcconfig */ = {isa = PBXFileReference; includeInIndex = 1; lastKnownFileType = text.xcconfig; name = "Pods-HPThemeKit_Example.release.xcconfig"; path = "Pods/Target Support Files/Pods-HPThemeKit_Example/Pods-HPThemeKit_Example.release.xcconfig"; sourceTree = "<group>"; };
		B5FC8FE622FD5581000E7B32 /* QFLineView.m */ = {isa = PBXFileReference; fileEncoding = 4; lastKnownFileType = sourcecode.c.objc; path = QFLineView.m; sourceTree = "<group>"; };
		B5FC8FE722FD5582000E7B32 /* QFLineModel.h */ = {isa = PBXFileReference; fileEncoding = 4; lastKnownFileType = sourcecode.c.h; path = QFLineModel.h; sourceTree = "<group>"; };
		B5FC8FE822FD5582000E7B32 /* QFLineModel.m */ = {isa = PBXFileReference; fileEncoding = 4; lastKnownFileType = sourcecode.c.objc; path = QFLineModel.m; sourceTree = "<group>"; };
		B5FC8FE922FD5583000E7B32 /* QFLineRowView.m */ = {isa = PBXFileReference; fileEncoding = 4; lastKnownFileType = sourcecode.c.objc; path = QFLineRowView.m; sourceTree = "<group>"; };
		B5FC8FEA22FD5583000E7B32 /* QFLineView.h */ = {isa = PBXFileReference; fileEncoding = 4; lastKnownFileType = sourcecode.c.h; path = QFLineView.h; sourceTree = "<group>"; };
		B5FC8FEB22FD5584000E7B32 /* QFLineRowView.h */ = {isa = PBXFileReference; fileEncoding = 4; lastKnownFileType = sourcecode.c.h; path = QFLineRowView.h; sourceTree = "<group>"; };
		B5FC8FEF22FD55F2000E7B32 /* HPLineController.h */ = {isa = PBXFileReference; lastKnownFileType = sourcecode.c.h; path = HPLineController.h; sourceTree = "<group>"; };
		B5FC8FF022FD55F2000E7B32 /* HPLineController.m */ = {isa = PBXFileReference; lastKnownFileType = sourcecode.c.objc; path = HPLineController.m; sourceTree = "<group>"; };
		BFB4809821FE9B74003DF07B /* HPHomeController.h */ = {isa = PBXFileReference; fileEncoding = 4; lastKnownFileType = sourcecode.c.h; path = HPHomeController.h; sourceTree = "<group>"; };
		BFB4809921FE9B74003DF07B /* HPCardsController.m */ = {isa = PBXFileReference; fileEncoding = 4; lastKnownFileType = sourcecode.c.objc; path = HPCardsController.m; sourceTree = "<group>"; };
		BFB4809A21FE9B74003DF07B /* HPThemeController.h */ = {isa = PBXFileReference; fileEncoding = 4; lastKnownFileType = sourcecode.c.h; path = HPThemeController.h; sourceTree = "<group>"; };
		BFB4809B21FE9B74003DF07B /* HPUserController.m */ = {isa = PBXFileReference; fileEncoding = 4; lastKnownFileType = sourcecode.c.objc; path = HPUserController.m; sourceTree = "<group>"; };
		BFB4809C21FE9B74003DF07B /* HPNewsController.m */ = {isa = PBXFileReference; fileEncoding = 4; lastKnownFileType = sourcecode.c.objc; path = HPNewsController.m; sourceTree = "<group>"; };
		BFB4809D21FE9B74003DF07B /* HPThemeController.m */ = {isa = PBXFileReference; fileEncoding = 4; lastKnownFileType = sourcecode.c.objc; path = HPThemeController.m; sourceTree = "<group>"; };
		BFB4809E21FE9B74003DF07B /* HPCardsController.h */ = {isa = PBXFileReference; fileEncoding = 4; lastKnownFileType = sourcecode.c.h; path = HPCardsController.h; sourceTree = "<group>"; };
		BFB4809F21FE9B74003DF07B /* HPHomeController.m */ = {isa = PBXFileReference; fileEncoding = 4; lastKnownFileType = sourcecode.c.objc; path = HPHomeController.m; sourceTree = "<group>"; };
		BFB480A021FE9B74003DF07B /* HPNewsController.h */ = {isa = PBXFileReference; fileEncoding = 4; lastKnownFileType = sourcecode.c.h; path = HPNewsController.h; sourceTree = "<group>"; };
		BFB480A121FE9B74003DF07B /* HPUserController.h */ = {isa = PBXFileReference; fileEncoding = 4; lastKnownFileType = sourcecode.c.h; path = HPUserController.h; sourceTree = "<group>"; };
		BFB480A721FE9C30003DF07B /* HPBaseController.h */ = {isa = PBXFileReference; fileEncoding = 4; lastKnownFileType = sourcecode.c.h; path = HPBaseController.h; sourceTree = "<group>"; };
		BFB480A821FE9C30003DF07B /* HPBaseController.m */ = {isa = PBXFileReference; fileEncoding = 4; lastKnownFileType = sourcecode.c.objc; path = HPBaseController.m; sourceTree = "<group>"; };
		BFB480AC21FE9FEE003DF07B /* HPThemeCell.m */ = {isa = PBXFileReference; fileEncoding = 4; lastKnownFileType = sourcecode.c.objc; path = HPThemeCell.m; sourceTree = "<group>"; };
		BFB480AD21FE9FEE003DF07B /* HPThemeCell.h */ = {isa = PBXFileReference; fileEncoding = 4; lastKnownFileType = sourcecode.c.h; path = HPThemeCell.h; sourceTree = "<group>"; };
		BFB480AE21FE9FEE003DF07B /* HPThemeCell.xib */ = {isa = PBXFileReference; fileEncoding = 4; lastKnownFileType = file.xib; path = HPThemeCell.xib; sourceTree = "<group>"; };
		BFB480B421FEB3FC003DF07B /* Launch Screen.storyboard */ = {isa = PBXFileReference; lastKnownFileType = file.storyboard; path = "Launch Screen.storyboard"; sourceTree = "<group>"; };
		BFB480BE21FF0A1C003DF07B /* HPTabbarController.h */ = {isa = PBXFileReference; lastKnownFileType = sourcecode.c.h; path = HPTabbarController.h; sourceTree = "<group>"; };
		BFB480BF21FF0A1C003DF07B /* HPTabbarController.m */ = {isa = PBXFileReference; lastKnownFileType = sourcecode.c.objc; path = HPTabbarController.m; sourceTree = "<group>"; };
		D43114B9E3254FBEC0DB78E3 /* README.md */ = {isa = PBXFileReference; includeInIndex = 1; lastKnownFileType = net.daringfireball.markdown; name = README.md; path = ../README.md; sourceTree = "<group>"; };
		DEA68B7760AB0A350A1C1EBE /* LICENSE */ = {isa = PBXFileReference; includeInIndex = 1; lastKnownFileType = text; name = LICENSE; path = ../LICENSE; sourceTree = "<group>"; };
		F1159007B1DBA5CEDEF87524 /* Pods-HPThemeKit_Example.debug.xcconfig */ = {isa = PBXFileReference; includeInIndex = 1; lastKnownFileType = text.xcconfig; name = "Pods-HPThemeKit_Example.debug.xcconfig"; path = "Pods/Target Support Files/Pods-HPThemeKit_Example/Pods-HPThemeKit_Example.debug.xcconfig"; sourceTree = "<group>"; };
/* End PBXFileReference section */

/* Begin PBXFrameworksBuildPhase section */
		6003F587195388D20070C39A /* Frameworks */ = {
			isa = PBXFrameworksBuildPhase;
			buildActionMask = 2147483647;
			files = (
				6003F590195388D20070C39A /* CoreGraphics.framework in Frameworks */,
				6003F592195388D20070C39A /* UIKit.framework in Frameworks */,
				6003F58E195388D20070C39A /* Foundation.framework in Frameworks */,
				537B6C9F09CF5CF6FE267372 /* Pods_HPThemeKit_Example.framework in Frameworks */,
			);
			runOnlyForDeploymentPostprocessing = 0;
		};
		6003F5AB195388D20070C39A /* Frameworks */ = {
			isa = PBXFrameworksBuildPhase;
			buildActionMask = 2147483647;
			files = (
				6003F5B0195388D20070C39A /* XCTest.framework in Frameworks */,
				6003F5B2195388D20070C39A /* UIKit.framework in Frameworks */,
				6003F5B1195388D20070C39A /* Foundation.framework in Frameworks */,
				F51976EF998FC562B28E2282 /* Pods_HPThemeKit_Tests.framework in Frameworks */,
			);
			runOnlyForDeploymentPostprocessing = 0;
		};
/* End PBXFrameworksBuildPhase section */

/* Begin PBXGroup section */
		6003F581195388D10070C39A = {
			isa = PBXGroup;
			children = (
				60FF7A9C1954A5C5007DD14C /* Podspec Metadata */,
				6003F593195388D20070C39A /* Example for HPThemeKit */,
				6003F5B5195388D20070C39A /* Tests */,
				6003F58C195388D20070C39A /* Frameworks */,
				6003F58B195388D20070C39A /* Products */,
				84C9C327380B1CD87AC87055 /* Pods */,
			);
			sourceTree = "<group>";
		};
		6003F58B195388D20070C39A /* Products */ = {
			isa = PBXGroup;
			children = (
				6003F58A195388D20070C39A /* HPThemeKit_Example.app */,
				6003F5AE195388D20070C39A /* HPThemeKit_Tests.xctest */,
			);
			name = Products;
			sourceTree = "<group>";
		};
		6003F58C195388D20070C39A /* Frameworks */ = {
			isa = PBXGroup;
			children = (
				6003F58D195388D20070C39A /* Foundation.framework */,
				6003F58F195388D20070C39A /* CoreGraphics.framework */,
				6003F591195388D20070C39A /* UIKit.framework */,
				6003F5AF195388D20070C39A /* XCTest.framework */,
				68D70AD1985DD095345BCCCF /* Pods_HPThemeKit_Example.framework */,
				71AEF1C5048344C95F3CD7B4 /* Pods_HPThemeKit_Tests.framework */,
			);
			name = Frameworks;
			sourceTree = "<group>";
		};
		6003F593195388D20070C39A /* Example for HPThemeKit */ = {
			isa = PBXGroup;
			children = (
				6003F59C195388D20070C39A /* HPAppDelegate.h */,
				6003F59D195388D20070C39A /* HPAppDelegate.m */,
				BFB480AB21FE9FEE003DF07B /* VIews */,
				BFB4809721FE9B74003DF07B /* Controllers */,
				6003F5A8195388D20070C39A /* Images.xcassets */,
				6003F594195388D20070C39A /* Supporting Files */,
			);
			name = "Example for HPThemeKit";
			path = HPThemeKit;
			sourceTree = "<group>";
		};
		6003F594195388D20070C39A /* Supporting Files */ = {
			isa = PBXGroup;
			children = (
				6003F595195388D20070C39A /* HPThemeKit-Info.plist */,
				6003F596195388D20070C39A /* InfoPlist.strings */,
				6003F599195388D20070C39A /* main.m */,
				6003F59B195388D20070C39A /* HPThemeKit-Prefix.pch */,
				BFB480B421FEB3FC003DF07B /* Launch Screen.storyboard */,
			);
			name = "Supporting Files";
			sourceTree = "<group>";
		};
		6003F5B5195388D20070C39A /* Tests */ = {
			isa = PBXGroup;
			children = (
				6003F5BB195388D20070C39A /* Tests.m */,
				6003F5B6195388D20070C39A /* Supporting Files */,
			);
			path = Tests;
			sourceTree = "<group>";
		};
		6003F5B6195388D20070C39A /* Supporting Files */ = {
			isa = PBXGroup;
			children = (
				6003F5B7195388D20070C39A /* Tests-Info.plist */,
				6003F5B8195388D20070C39A /* InfoPlist.strings */,
				606FC2411953D9B200FFA9A0 /* Tests-Prefix.pch */,
			);
			name = "Supporting Files";
			sourceTree = "<group>";
		};
		60FF7A9C1954A5C5007DD14C /* Podspec Metadata */ = {
			isa = PBXGroup;
			children = (
				3AFF8F764991A7382BB3C487 /* HPThemeKit.podspec */,
				D43114B9E3254FBEC0DB78E3 /* README.md */,
				DEA68B7760AB0A350A1C1EBE /* LICENSE */,
			);
			name = "Podspec Metadata";
			sourceTree = "<group>";
		};
		84C9C327380B1CD87AC87055 /* Pods */ = {
			isa = PBXGroup;
			children = (
				F1159007B1DBA5CEDEF87524 /* Pods-HPThemeKit_Example.debug.xcconfig */,
				B1D52941EEB1756FB364DCDD /* Pods-HPThemeKit_Example.release.xcconfig */,
				76FA3C8BA40B0F7668D1AA98 /* Pods-HPThemeKit_Tests.debug.xcconfig */,
				4BB448D584CCEA2727FCE27D /* Pods-HPThemeKit_Tests.release.xcconfig */,
			);
			name = Pods;
			sourceTree = "<group>";
		};
		B5FC8FE522FD5564000E7B32 /* LineView */ = {
			isa = PBXGroup;
			children = (
				B5FC8FE722FD5582000E7B32 /* QFLineModel.h */,
				B5FC8FE822FD5582000E7B32 /* QFLineModel.m */,
				B5FC8FEB22FD5584000E7B32 /* QFLineRowView.h */,
				B5FC8FE922FD5583000E7B32 /* QFLineRowView.m */,
				B5FC8FEA22FD5583000E7B32 /* QFLineView.h */,
				B5FC8FE622FD5581000E7B32 /* QFLineView.m */,
				B5FC8FEF22FD55F2000E7B32 /* HPLineController.h */,
				B5FC8FF022FD55F2000E7B32 /* HPLineController.m */,
			);
			path = LineView;
			sourceTree = "<group>";
		};
		BFB4809721FE9B74003DF07B /* Controllers */ = {
			isa = PBXGroup;
			children = (
				B5FC8FE522FD5564000E7B32 /* LineView */,
				BFB480A721FE9C30003DF07B /* HPBaseController.h */,
				BFB480A821FE9C30003DF07B /* HPBaseController.m */,
				BFB4809E21FE9B74003DF07B /* HPCardsController.h */,
				BFB4809921FE9B74003DF07B /* HPCardsController.m */,
				BFB4809821FE9B74003DF07B /* HPHomeController.h */,
				BFB4809F21FE9B74003DF07B /* HPHomeController.m */,
				BFB480A021FE9B74003DF07B /* HPNewsController.h */,
				BFB4809C21FE9B74003DF07B /* HPNewsController.m */,
				BFB480BE21FF0A1C003DF07B /* HPTabbarController.h */,
				BFB480BF21FF0A1C003DF07B /* HPTabbarController.m */,
				BFB4809A21FE9B74003DF07B /* HPThemeController.h */,
				BFB4809D21FE9B74003DF07B /* HPThemeController.m */,
				BFB480A121FE9B74003DF07B /* HPUserController.h */,
				BFB4809B21FE9B74003DF07B /* HPUserController.m */,
			);
			path = Controllers;
			sourceTree = "<group>";
		};
		BFB480AB21FE9FEE003DF07B /* VIews */ = {
			isa = PBXGroup;
			children = (
				BFB480AC21FE9FEE003DF07B /* HPThemeCell.m */,
				BFB480AD21FE9FEE003DF07B /* HPThemeCell.h */,
				BFB480AE21FE9FEE003DF07B /* HPThemeCell.xib */,
			);
			path = VIews;
			sourceTree = "<group>";
		};
/* End PBXGroup section */

/* Begin PBXNativeTarget section */
		6003F589195388D20070C39A /* HPThemeKit_Example */ = {
			isa = PBXNativeTarget;
			buildConfigurationList = 6003F5BF195388D20070C39A /* Build configuration list for PBXNativeTarget "HPThemeKit_Example" */;
			buildPhases = (
				5C31938030CAC2950D2858DB /* [CP] Check Pods Manifest.lock */,
				6003F586195388D20070C39A /* Sources */,
				6003F587195388D20070C39A /* Frameworks */,
				6003F588195388D20070C39A /* Resources */,
				BA6ECFF6F1DCE0BF56CF6840 /* [CP] Embed Pods Frameworks */,
			);
			buildRules = (
			);
			dependencies = (
			);
			name = HPThemeKit_Example;
			productName = HPThemeKit;
			productReference = 6003F58A195388D20070C39A /* HPThemeKit_Example.app */;
			productType = "com.apple.product-type.application";
		};
		6003F5AD195388D20070C39A /* HPThemeKit_Tests */ = {
			isa = PBXNativeTarget;
			buildConfigurationList = 6003F5C2195388D20070C39A /* Build configuration list for PBXNativeTarget "HPThemeKit_Tests" */;
			buildPhases = (
				691D94F0BA1FAA3DD0A824D7 /* [CP] Check Pods Manifest.lock */,
				6003F5AA195388D20070C39A /* Sources */,
				6003F5AB195388D20070C39A /* Frameworks */,
				6003F5AC195388D20070C39A /* Resources */,
			);
			buildRules = (
			);
			dependencies = (
				6003F5B4195388D20070C39A /* PBXTargetDependency */,
			);
			name = HPThemeKit_Tests;
			productName = HPThemeKitTests;
			productReference = 6003F5AE195388D20070C39A /* HPThemeKit_Tests.xctest */;
			productType = "com.apple.product-type.bundle.unit-test";
		};
/* End PBXNativeTarget section */

/* Begin PBXProject section */
		6003F582195388D10070C39A /* Project object */ = {
			isa = PBXProject;
			attributes = {
				CLASSPREFIX = HP;
				LastUpgradeCheck = 0720;
				ORGANIZATIONNAME = hapiii;
				TargetAttributes = {
					6003F5AD195388D20070C39A = {
						TestTargetID = 6003F589195388D20070C39A;
					};
				};
			};
			buildConfigurationList = 6003F585195388D10070C39A /* Build configuration list for PBXProject "HPThemeKit" */;
			compatibilityVersion = "Xcode 3.2";
			developmentRegion = English;
			hasScannedForEncodings = 0;
			knownRegions = (
				English,
				en,
				Base,
			);
			mainGroup = 6003F581195388D10070C39A;
			productRefGroup = 6003F58B195388D20070C39A /* Products */;
			projectDirPath = "";
			projectRoot = "";
			targets = (
				6003F589195388D20070C39A /* HPThemeKit_Example */,
				6003F5AD195388D20070C39A /* HPThemeKit_Tests */,
			);
		};
/* End PBXProject section */

/* Begin PBXResourcesBuildPhase section */
		6003F588195388D20070C39A /* Resources */ = {
			isa = PBXResourcesBuildPhase;
			buildActionMask = 2147483647;
			files = (
				6003F5A9195388D20070C39A /* Images.xcassets in Resources */,
				6003F598195388D20070C39A /* InfoPlist.strings in Resources */,
				BFB480B521FEB3FC003DF07B /* Launch Screen.storyboard in Resources */,
				BFB480B021FE9FEE003DF07B /* HPThemeCell.xib in Resources */,
			);
			runOnlyForDeploymentPostprocessing = 0;
		};
		6003F5AC195388D20070C39A /* Resources */ = {
			isa = PBXResourcesBuildPhase;
			buildActionMask = 2147483647;
			files = (
				6003F5BA195388D20070C39A /* InfoPlist.strings in Resources */,
			);
			runOnlyForDeploymentPostprocessing = 0;
		};
/* End PBXResourcesBuildPhase section */

/* Begin PBXShellScriptBuildPhase section */
		5C31938030CAC2950D2858DB /* [CP] Check Pods Manifest.lock */ = {
			isa = PBXShellScriptBuildPhase;
			buildActionMask = 2147483647;
			files = (
			);
			inputFileListPaths = (
			);
			inputPaths = (
				"${PODS_PODFILE_DIR_PATH}/Podfile.lock",
				"${PODS_ROOT}/Manifest.lock",
			);
			name = "[CP] Check Pods Manifest.lock";
			outputFileListPaths = (
			);
			outputPaths = (
				"$(DERIVED_FILE_DIR)/Pods-HPThemeKit_Example-checkManifestLockResult.txt",
			);
			runOnlyForDeploymentPostprocessing = 0;
			shellPath = /bin/sh;
			shellScript = "diff \"${PODS_PODFILE_DIR_PATH}/Podfile.lock\" \"${PODS_ROOT}/Manifest.lock\" > /dev/null\nif [ $? != 0 ] ; then\n    # print error to STDERR\n    echo \"error: The sandbox is not in sync with the Podfile.lock. Run 'pod install' or update your CocoaPods installation.\" >&2\n    exit 1\nfi\n# This output is used by Xcode 'outputs' to avoid re-running this script phase.\necho \"SUCCESS\" > \"${SCRIPT_OUTPUT_FILE_0}\"\n";
			showEnvVarsInLog = 0;
		};
		691D94F0BA1FAA3DD0A824D7 /* [CP] Check Pods Manifest.lock */ = {
			isa = PBXShellScriptBuildPhase;
			buildActionMask = 2147483647;
			files = (
			);
			inputFileListPaths = (
			);
			inputPaths = (
				"${PODS_PODFILE_DIR_PATH}/Podfile.lock",
				"${PODS_ROOT}/Manifest.lock",
			);
			name = "[CP] Check Pods Manifest.lock";
			outputFileListPaths = (
			);
			outputPaths = (
				"$(DERIVED_FILE_DIR)/Pods-HPThemeKit_Tests-checkManifestLockResult.txt",
			);
			runOnlyForDeploymentPostprocessing = 0;
			shellPath = /bin/sh;
			shellScript = "diff \"${PODS_PODFILE_DIR_PATH}/Podfile.lock\" \"${PODS_ROOT}/Manifest.lock\" > /dev/null\nif [ $? != 0 ] ; then\n    # print error to STDERR\n    echo \"error: The sandbox is not in sync with the Podfile.lock. Run 'pod install' or update your CocoaPods installation.\" >&2\n    exit 1\nfi\n# This output is used by Xcode 'outputs' to avoid re-running this script phase.\necho \"SUCCESS\" > \"${SCRIPT_OUTPUT_FILE_0}\"\n";
			showEnvVarsInLog = 0;
		};
		BA6ECFF6F1DCE0BF56CF6840 /* [CP] Embed Pods Frameworks */ = {
			isa = PBXShellScriptBuildPhase;
			buildActionMask = 2147483647;
			files = (
			);
			inputFileListPaths = (
			);
			inputPaths = (
				"${PODS_ROOT}/Target Support Files/Pods-HPThemeKit_Example/Pods-HPThemeKit_Example-frameworks.sh",
				"${BUILT_PRODUCTS_DIR}/CTMediator/CTMediator.framework",
				"${BUILT_PRODUCTS_DIR}/DKNightVersion/DKNightVersion.framework",
				"${BUILT_PRODUCTS_DIR}/HPThemeKit/HPThemeKit.framework",
				"${BUILT_PRODUCTS_DIR}/HPTool/HPTool.framework",
				"${BUILT_PRODUCTS_DIR}/LYEmptyView/LYEmptyView.framework",
				"${BUILT_PRODUCTS_DIR}/Masonry/Masonry.framework",
				"${BUILT_PRODUCTS_DIR}/SDWebImage/SDWebImage.framework",
				"${BUILT_PRODUCTS_DIR}/SSZipArchive/SSZipArchive.framework",
				"${BUILT_PRODUCTS_DIR}/YYKit/YYKit.framework",
			);
			name = "[CP] Embed Pods Frameworks";
			outputFileListPaths = (
			);
			outputPaths = (
				"${TARGET_BUILD_DIR}/${FRAMEWORKS_FOLDER_PATH}/CTMediator.framework",
				"${TARGET_BUILD_DIR}/${FRAMEWORKS_FOLDER_PATH}/DKNightVersion.framework",
				"${TARGET_BUILD_DIR}/${FRAMEWORKS_FOLDER_PATH}/HPThemeKit.framework",
				"${TARGET_BUILD_DIR}/${FRAMEWORKS_FOLDER_PATH}/HPTool.framework",
				"${TARGET_BUILD_DIR}/${FRAMEWORKS_FOLDER_PATH}/LYEmptyView.framework",
				"${TARGET_BUILD_DIR}/${FRAMEWORKS_FOLDER_PATH}/Masonry.framework",
				"${TARGET_BUILD_DIR}/${FRAMEWORKS_FOLDER_PATH}/SDWebImage.framework",
				"${TARGET_BUILD_DIR}/${FRAMEWORKS_FOLDER_PATH}/SSZipArchive.framework",
				"${TARGET_BUILD_DIR}/${FRAMEWORKS_FOLDER_PATH}/YYKit.framework",
			);
			runOnlyForDeploymentPostprocessing = 0;
			shellPath = /bin/sh;
			shellScript = "\"${PODS_ROOT}/Target Support Files/Pods-HPThemeKit_Example/Pods-HPThemeKit_Example-frameworks.sh\"\n";
			showEnvVarsInLog = 0;
		};
/* End PBXShellScriptBuildPhase section */

/* Begin PBXSourcesBuildPhase section */
		6003F586195388D20070C39A /* Sources */ = {
			isa = PBXSourcesBuildPhase;
			buildActionMask = 2147483647;
			files = (
				B5FC8FED22FD5584000E7B32 /* QFLineModel.m in Sources */,
				B5FC8FEC22FD5584000E7B32 /* QFLineView.m in Sources */,
				BFB480A421FE9B74003DF07B /* HPNewsController.m in Sources */,
				BFB480A521FE9B74003DF07B /* HPThemeController.m in Sources */,
				BFB480A621FE9B74003DF07B /* HPHomeController.m in Sources */,
				BFB480A321FE9B74003DF07B /* HPUserController.m in Sources */,
				BFB480A921FE9C30003DF07B /* HPBaseController.m in Sources */,
				BFB480AF21FE9FEE003DF07B /* HPThemeCell.m in Sources */,
				6003F59E195388D20070C39A /* HPAppDelegate.m in Sources */,
				6003F59A195388D20070C39A /* main.m in Sources */,
				BFB480A221FE9B74003DF07B /* HPCardsController.m in Sources */,
				BFB480C021FF0A1C003DF07B /* HPTabbarController.m in Sources */,
				B5FC8FEE22FD5584000E7B32 /* QFLineRowView.m in Sources */,
				B5FC8FF122FD55F2000E7B32 /* HPLineController.m in Sources */,
			);
			runOnlyForDeploymentPostprocessing = 0;
		};
		6003F5AA195388D20070C39A /* Sources */ = {
			isa = PBXSourcesBuildPhase;
			buildActionMask = 2147483647;
			files = (
				6003F5BC195388D20070C39A /* Tests.m in Sources */,
			);
			runOnlyForDeploymentPostprocessing = 0;
		};
/* End PBXSourcesBuildPhase section */

/* Begin PBXTargetDependency section */
		6003F5B4195388D20070C39A /* PBXTargetDependency */ = {
			isa = PBXTargetDependency;
			target = 6003F589195388D20070C39A /* HPThemeKit_Example */;
			targetProxy = 6003F5B3195388D20070C39A /* PBXContainerItemProxy */;
		};
/* End PBXTargetDependency section */

/* Begin PBXVariantGroup section */
		6003F596195388D20070C39A /* InfoPlist.strings */ = {
			isa = PBXVariantGroup;
			children = (
				6003F597195388D20070C39A /* en */,
			);
			name = InfoPlist.strings;
			sourceTree = "<group>";
		};
		6003F5B8195388D20070C39A /* InfoPlist.strings */ = {
			isa = PBXVariantGroup;
			children = (
				6003F5B9195388D20070C39A /* en */,
			);
			name = InfoPlist.strings;
			sourceTree = "<group>";
		};
/* End PBXVariantGroup section */

/* Begin XCBuildConfiguration section */
		6003F5BD195388D20070C39A /* Debug */ = {
			isa = XCBuildConfiguration;
			buildSettings = {
				ALWAYS_SEARCH_USER_PATHS = NO;
				CLANG_CXX_LANGUAGE_STANDARD = "gnu++0x";
				CLANG_CXX_LIBRARY = "libc++";
				CLANG_ENABLE_MODULES = YES;
				CLANG_ENABLE_OBJC_ARC = YES;
				CLANG_WARN_BOOL_CONVERSION = YES;
				CLANG_WARN_CONSTANT_CONVERSION = YES;
				CLANG_WARN_DIRECT_OBJC_ISA_USAGE = YES_ERROR;
				CLANG_WARN_EMPTY_BODY = YES;
				CLANG_WARN_ENUM_CONVERSION = YES;
				CLANG_WARN_INT_CONVERSION = YES;
				CLANG_WARN_OBJC_ROOT_CLASS = YES_ERROR;
				CLANG_WARN__DUPLICATE_METHOD_MATCH = YES;
				"CODE_SIGN_IDENTITY[sdk=iphoneos*]" = "iPhone Developer";
				COPY_PHASE_STRIP = NO;
				ENABLE_TESTABILITY = YES;
				GCC_C_LANGUAGE_STANDARD = gnu99;
				GCC_DYNAMIC_NO_PIC = NO;
				GCC_OPTIMIZATION_LEVEL = 0;
				GCC_PREPROCESSOR_DEFINITIONS = (
					"DEBUG=1",
					"$(inherited)",
				);
				GCC_SYMBOLS_PRIVATE_EXTERN = NO;
				GCC_WARN_64_TO_32_BIT_CONVERSION = YES;
				GCC_WARN_ABOUT_RETURN_TYPE = YES_ERROR;
				GCC_WARN_UNDECLARED_SELECTOR = YES;
				GCC_WARN_UNINITIALIZED_AUTOS = YES_AGGRESSIVE;
				GCC_WARN_UNUSED_FUNCTION = YES;
				GCC_WARN_UNUSED_VARIABLE = YES;
				IPHONEOS_DEPLOYMENT_TARGET = 9.3;
				ONLY_ACTIVE_ARCH = YES;
				SDKROOT = iphoneos;
				TARGETED_DEVICE_FAMILY = "1,2";
			};
			name = Debug;
		};
		6003F5BE195388D20070C39A /* Release */ = {
			isa = XCBuildConfiguration;
			buildSettings = {
				ALWAYS_SEARCH_USER_PATHS = NO;
				CLANG_CXX_LANGUAGE_STANDARD = "gnu++0x";
				CLANG_CXX_LIBRARY = "libc++";
				CLANG_ENABLE_MODULES = YES;
				CLANG_ENABLE_OBJC_ARC = YES;
				CLANG_WARN_BOOL_CONVERSION = YES;
				CLANG_WARN_CONSTANT_CONVERSION = YES;
				CLANG_WARN_DIRECT_OBJC_ISA_USAGE = YES_ERROR;
				CLANG_WARN_EMPTY_BODY = YES;
				CLANG_WARN_ENUM_CONVERSION = YES;
				CLANG_WARN_INT_CONVERSION = YES;
				CLANG_WARN_OBJC_ROOT_CLASS = YES_ERROR;
				CLANG_WARN__DUPLICATE_METHOD_MATCH = YES;
				"CODE_SIGN_IDENTITY[sdk=iphoneos*]" = "iPhone Developer";
				COPY_PHASE_STRIP = YES;
				ENABLE_NS_ASSERTIONS = NO;
				GCC_C_LANGUAGE_STANDARD = gnu99;
				GCC_WARN_64_TO_32_BIT_CONVERSION = YES;
				GCC_WARN_ABOUT_RETURN_TYPE = YES_ERROR;
				GCC_WARN_UNDECLARED_SELECTOR = YES;
				GCC_WARN_UNINITIALIZED_AUTOS = YES_AGGRESSIVE;
				GCC_WARN_UNUSED_FUNCTION = YES;
				GCC_WARN_UNUSED_VARIABLE = YES;
				IPHONEOS_DEPLOYMENT_TARGET = 9.3;
				SDKROOT = iphoneos;
				TARGETED_DEVICE_FAMILY = "1,2";
				VALIDATE_PRODUCT = YES;
			};
			name = Release;
		};
		6003F5C0195388D20070C39A /* Debug */ = {
			isa = XCBuildConfiguration;
			baseConfigurationReference = F1159007B1DBA5CEDEF87524 /* Pods-HPThemeKit_Example.debug.xcconfig */;
			buildSettings = {
				ASSETCATALOG_COMPILER_APPICON_NAME = AppIcon;
				GCC_PRECOMPILE_PREFIX_HEADER = YES;
				GCC_PREFIX_HEADER = "HPThemeKit/HPThemeKit-Prefix.pch";
				INFOPLIST_FILE = "HPThemeKit/HPThemeKit-Info.plist";
				MODULE_NAME = ExampleApp;
				PRODUCT_BUNDLE_IDENTIFIER = "org.cocoapods.demo.${PRODUCT_NAME:rfc1034identifier}";
				PRODUCT_NAME = "$(TARGET_NAME)";
				WRAPPER_EXTENSION = app;
			};
			name = Debug;
		};
		6003F5C1195388D20070C39A /* Release */ = {
			isa = XCBuildConfiguration;
			baseConfigurationReference = B1D52941EEB1756FB364DCDD /* Pods-HPThemeKit_Example.release.xcconfig */;
			buildSettings = {
				ASSETCATALOG_COMPILER_APPICON_NAME = AppIcon;
				GCC_PRECOMPILE_PREFIX_HEADER = YES;
				GCC_PREFIX_HEADER = "HPThemeKit/HPThemeKit-Prefix.pch";
				INFOPLIST_FILE = "HPThemeKit/HPThemeKit-Info.plist";
				MODULE_NAME = ExampleApp;
				PRODUCT_BUNDLE_IDENTIFIER = "org.cocoapods.demo.${PRODUCT_NAME:rfc1034identifier}";
				PRODUCT_NAME = "$(TARGET_NAME)";
				WRAPPER_EXTENSION = app;
			};
			name = Release;
		};
		6003F5C3195388D20070C39A /* Debug */ = {
			isa = XCBuildConfiguration;
			baseConfigurationReference = 76FA3C8BA40B0F7668D1AA98 /* Pods-HPThemeKit_Tests.debug.xcconfig */;
			buildSettings = {
				BUNDLE_LOADER = "$(TEST_HOST)";
				FRAMEWORK_SEARCH_PATHS = (
					"$(SDKROOT)/Developer/Library/Frameworks",
					"$(inherited)",
					"$(DEVELOPER_FRAMEWORKS_DIR)",
				);
				GCC_PRECOMPILE_PREFIX_HEADER = YES;
				GCC_PREFIX_HEADER = "Tests/Tests-Prefix.pch";
				GCC_PREPROCESSOR_DEFINITIONS = (
					"DEBUG=1",
					"$(inherited)",
				);
				INFOPLIST_FILE = "Tests/Tests-Info.plist";
				PRODUCT_BUNDLE_IDENTIFIER = "org.cocoapods.demo.${PRODUCT_NAME:rfc1034identifier}";
				PRODUCT_NAME = "$(TARGET_NAME)";
				TEST_HOST = "$(BUILT_PRODUCTS_DIR)/HPThemeKit_Example.app/HPThemeKit_Example";
				WRAPPER_EXTENSION = xctest;
			};
			name = Debug;
		};
		6003F5C4195388D20070C39A /* Release */ = {
			isa = XCBuildConfiguration;
			baseConfigurationReference = 4BB448D584CCEA2727FCE27D /* Pods-HPThemeKit_Tests.release.xcconfig */;
			buildSettings = {
				BUNDLE_LOADER = "$(TEST_HOST)";
				FRAMEWORK_SEARCH_PATHS = (
					"$(SDKROOT)/Developer/Library/Frameworks",
					"$(inherited)",
					"$(DEVELOPER_FRAMEWORKS_DIR)",
				);
				GCC_PRECOMPILE_PREFIX_HEADER = YES;
				GCC_PREFIX_HEADER = "Tests/Tests-Prefix.pch";
				INFOPLIST_FILE = "Tests/Tests-Info.plist";
				PRODUCT_BUNDLE_IDENTIFIER = "org.cocoapods.demo.${PRODUCT_NAME:rfc1034identifier}";
				PRODUCT_NAME = "$(TARGET_NAME)";
				TEST_HOST = "$(BUILT_PRODUCTS_DIR)/HPThemeKit_Example.app/HPThemeKit_Example";
				WRAPPER_EXTENSION = xctest;
			};
			name = Release;
		};
/* End XCBuildConfiguration section */

/* Begin XCConfigurationList section */
		6003F585195388D10070C39A /* Build configuration list for PBXProject "HPThemeKit" */ = {
			isa = XCConfigurationList;
			buildConfigurations = (
				6003F5BD195388D20070C39A /* Debug */,
				6003F5BE195388D20070C39A /* Release */,
			);
			defaultConfigurationIsVisible = 0;
			defaultConfigurationName = Release;
		};
		6003F5BF195388D20070C39A /* Build configuration list for PBXNativeTarget "HPThemeKit_Example" */ = {
			isa = XCConfigurationList;
			buildConfigurations = (
				6003F5C0195388D20070C39A /* Debug */,
				6003F5C1195388D20070C39A /* Release */,
			);
			defaultConfigurationIsVisible = 0;
			defaultConfigurationName = Release;
		};
		6003F5C2195388D20070C39A /* Build configuration list for PBXNativeTarget "HPThemeKit_Tests" */ = {
			isa = XCConfigurationList;
			buildConfigurations = (
				6003F5C3195388D20070C39A /* Debug */,
				6003F5C4195388D20070C39A /* Release */,
			);
			defaultConfigurationIsVisible = 0;
			defaultConfigurationName = Release;
		};
/* End XCConfigurationList section */
	};
	rootObject = 6003F582195388D10070C39A /* Project object */;
}
