PODS:
  - CTMediator (25)
  - DKNightVersion (2.4.3):
    - DKNightVersion/Core (= 2.4.3)
    - DKNightVersion/CoreAnimation (= 2.4.3)
    - DKNightVersion/UIKit (= 2.4.3)
  - DKNightVersion/Core (2.4.3):
    - DKNightVersion/Core/DeallocBlockExecutor (= 2.4.3)
    - DKNightVersion/Core/extobjc (= 2.4.3)
  - DKNightVersion/Core/DeallocBlockExecutor (2.4.3)
  - DKNightVersion/Core/extobjc (2.4.3)
  - DKNightVersion/CoreAnimation (2.4.3):
    - DKNightVersion/Core
  - DKNightVersion/UIKit (2.4.3):
    - DKNightVersion/Core
  - HPThemeKit (0.0.4):
    - DKNightVersion
    - SSZipArchive
  - HPTool (0.1.0)
  - LYEmptyView (1.2.3)
  - Masonry (1.1.0)
  - SDWebImage (5.0.6):
    - SDWebImage/Core (= 5.0.6)
  - SDWebImage/Core (5.0.6)
  - SSZipArchive (2.2.2)
  - YYKit (1.0.9):
    - YYKit/no-arc (= 1.0.9)
  - YYKit/no-arc (1.0.9)

DEPENDENCIES:
  - CTMediator
  - HPThemeKit (from `../`)
  - HPTool
  - LYEmptyView
  - Masonry
  - SDWebImage
  - YYKit

SPEC REPOS:
  https://github.com/cocoapods/specs.git:
    - CTMediator
    - DKNightVersion
    - HPTool
    - LYEmptyView
    - Masonry
    - SDWebImage
    - SSZipArchive
    - YYKit

EXTERNAL SOURCES:
  HPThemeKit:
    :path: "../"

SPEC CHECKSUMS:
  CTMediator: 830c1fc204b3a6abf2a059510c7380f56343da0f
  DKNightVersion: eaa80cc4014b4bae7d4b535fd87ecc6a3c2767b3
  HPThemeKit: 9375af24f73a70bec55cc4bed867f1d8956701df
  HPTool: 648140b1a832736e06656244651273688770dc73
  LYEmptyView: ea5827f3f81fcbec427f990005501991477bdae8
  Masonry: 678fab65091a9290e40e2832a55e7ab731aad201
  SDWebImage: 920f1a2ff1ca8296ad34f6e0510a1ef1d70ac965
  SSZipArchive: fa16b8cc4cdeceb698e5e5d9f67e9558532fbf23
  YYKit: 7cda43304a8dc3696c449041e2cb3107b4e236e7

PODFILE CHECKSUM: 7f2228f433664a5e9229cc6a98506310a4652d47

COCOAPODS: 1.6.0
